
Microsoft Visual Studio Solution File, Format Version 12.00
# Visual Studio Version 17
VisualStudioVersion = 17.0.31919.166
MinimumVisualStudioVersion = 10.0.40219.1
Project("{9A19103F-16F7-4668-BE54-9A1E7A4F7556}") = "Hra.App", "Hra.App\Hra.App.csproj", "{150D4BC3-77E0-476B-BC84-3AD3DB7A01AF}"
EndProject
Project("{2150E333-8FDC-42A3-9474-1A3956D46DE8}") = "Infraestructura", "Infraestructura", "{411E8A9E-7F9A-465E-90CE-503481A8BCE0}"
	ProjectSection(SolutionItems) = preProject
		ModeloBD.txt = ModeloBD.txt
	EndProjectSection
EndProject
Project("{2150E333-8FDC-42A3-9474-1A3956D46DE8}") = "Transversal", "Transversal", "{72D95AFE-DA5C-4E47-8647-FA45F097ABB5}"
EndProject
Project("{9A19103F-16F7-4668-BE54-9A1E7A4F7556}") = "Hra.Infraestructure.Data", "Hra.Infraestructure.Data\Hra.Infraestructure.Data.csproj", "{2E6A7066-91B3-44E7-861E-5E4C22FBEE94}"
EndProject
Project("{2150E333-8FDC-42A3-9474-1A3956D46DE8}") = "Dominio", "Dominio", "{11AC9AD6-3E46-4D07-AC23-A91713CE1361}"
EndProject
Project("{9A19103F-16F7-4668-BE54-9A1E7A4F7556}") = "Hra.Domain.Entity", "Hra.Domain.Entity\Hra.Domain.Entity.csproj", "{5ABDCFB2-C194-4751-8CA9-8ED4F1C6ADEC}"
EndProject
Project("{9A19103F-16F7-4668-BE54-9A1E7A4F7556}") = "Hra.Transversal.Common", "Hra.Transversal.Common\Hra.Transversal.Common.csproj", "{54EB19DB-47FB-4CE2-A040-EF48F466FBD9}"
EndProject
Project("{2150E333-8FDC-42A3-9474-1A3956D46DE8}") = "Aplicacion", "Aplicacion", "{1FAD720E-197B-4479-8AF5-D8127470DD28}"
EndProject
Project("{9A19103F-16F7-4668-BE54-9A1E7A4F7556}") = "Hra.Application.DTO", "Hra.Application.DTO\Hra.Application.DTO.csproj", "{E99FD96C-4D22-43FA-A760-0234BFC43991}"
EndProject
Project("{2150E333-8FDC-42A3-9474-1A3956D46DE8}") = "Solution Items", "Solution Items", "{D821C546-6CD0-424D-9AA6-4343E0118702}"
	ProjectSection(SolutionItems) = preProject
		.editorconfig = .editorconfig
	EndProjectSection
EndProject
Project("{FAE04EC0-301F-11D3-BF4B-00C04F79EFBC}") = "Hra.Application.Main", "Hra.Application.Main\Hra.Application.Main.csproj", "{ED024715-3B8A-4489-9768-75395A4FAF2A}"
EndProject
Global
	GlobalSection(SolutionConfigurationPlatforms) = preSolution
		Debug|Any CPU = Debug|Any CPU
		Release|Any CPU = Release|Any CPU
	EndGlobalSection
	GlobalSection(ProjectConfigurationPlatforms) = postSolution
		{150D4BC3-77E0-476B-BC84-3AD3DB7A01AF}.Debug|Any CPU.ActiveCfg = Debug|Any CPU
		{150D4BC3-77E0-476B-BC84-3AD3DB7A01AF}.Debug|Any CPU.Build.0 = Debug|Any CPU
		{150D4BC3-77E0-476B-BC84-3AD3DB7A01AF}.Release|Any CPU.ActiveCfg = Release|Any CPU
		{150D4BC3-77E0-476B-BC84-3AD3DB7A01AF}.Release|Any CPU.Build.0 = Release|Any CPU
		{2E6A7066-91B3-44E7-861E-5E4C22FBEE94}.Debug|Any CPU.ActiveCfg = Debug|Any CPU
		{2E6A7066-91B3-44E7-861E-5E4C22FBEE94}.Debug|Any CPU.Build.0 = Debug|Any CPU
		{2E6A7066-91B3-44E7-861E-5E4C22FBEE94}.Release|Any CPU.ActiveCfg = Release|Any CPU
		{2E6A7066-91B3-44E7-861E-5E4C22FBEE94}.Release|Any CPU.Build.0 = Release|Any CPU
		{5ABDCFB2-C194-4751-8CA9-8ED4F1C6ADEC}.Debug|Any CPU.ActiveCfg = Debug|Any CPU
		{5ABDCFB2-C194-4751-8CA9-8ED4F1C6ADEC}.Debug|Any CPU.Build.0 = Debug|Any CPU
		{5ABDCFB2-C194-4751-8CA9-8ED4F1C6ADEC}.Release|Any CPU.ActiveCfg = Release|Any CPU
		{5ABDCFB2-C194-4751-8CA9-8ED4F1C6ADEC}.Release|Any CPU.Build.0 = Release|Any CPU
		{54EB19DB-47FB-4CE2-A040-EF48F466FBD9}.Debug|Any CPU.ActiveCfg = Debug|Any CPU
		{54EB19DB-47FB-4CE2-A040-EF48F466FBD9}.Debug|Any CPU.Build.0 = Debug|Any CPU
		{54EB19DB-47FB-4CE2-A040-EF48F466FBD9}.Release|Any CPU.ActiveCfg = Release|Any CPU
		{54EB19DB-47FB-4CE2-A040-EF48F466FBD9}.Release|Any CPU.Build.0 = Release|Any CPU
		{E99FD96C-4D22-43FA-A760-0234BFC43991}.Debug|Any CPU.ActiveCfg = Debug|Any CPU
		{E99FD96C-4D22-43FA-A760-0234BFC43991}.Debug|Any CPU.Build.0 = Debug|Any CPU
		{E99FD96C-4D22-43FA-A760-0234BFC43991}.Release|Any CPU.ActiveCfg = Release|Any CPU
		{E99FD96C-4D22-43FA-A760-0234BFC43991}.Release|Any CPU.Build.0 = Release|Any CPU
		{ED024715-3B8A-4489-9768-75395A4FAF2A}.Debug|Any CPU.ActiveCfg = Debug|Any CPU
		{ED024715-3B8A-4489-9768-75395A4FAF2A}.Debug|Any CPU.Build.0 = Debug|Any CPU
		{ED024715-3B8A-4489-9768-75395A4FAF2A}.Release|Any CPU.ActiveCfg = Release|Any CPU
		{ED024715-3B8A-4489-9768-75395A4FAF2A}.Release|Any CPU.Build.0 = Release|Any CPU
	EndGlobalSection
	GlobalSection(SolutionProperties) = preSolution
		HideSolutionNode = FALSE
	EndGlobalSection
	GlobalSection(NestedProjects) = preSolution
		{2E6A7066-91B3-44E7-861E-5E4C22FBEE94} = {411E8A9E-7F9A-465E-90CE-503481A8BCE0}
		{5ABDCFB2-C194-4751-8CA9-8ED4F1C6ADEC} = {11AC9AD6-3E46-4D07-AC23-A91713CE1361}
		{54EB19DB-47FB-4CE2-A040-EF48F466FBD9} = {72D95AFE-DA5C-4E47-8647-FA45F097ABB5}
		{E99FD96C-4D22-43FA-A760-0234BFC43991} = {1FAD720E-197B-4479-8AF5-D8127470DD28}
		{ED024715-3B8A-4489-9768-75395A4FAF2A} = {1FAD720E-197B-4479-8AF5-D8127470DD28}
	EndGlobalSection
	GlobalSection(ExtensibilityGlobals) = postSolution
		SolutionGuid = {F221430A-EBA9-4DA1-87F4-75A41C8E8813}
	EndGlobalSection
EndGlobal
